
Microsoft Visual Studio Solution File, Format Version 12.00
# Visual Studio Version 16
VisualStudioVersion = 16.0.31624.102
MinimumVisualStudioVersion = 10.0.40219.1
Project("{FAE04EC0-301F-11D3-BF4B-00C04F79EFBC}") = "Comp_Firm.Android", "Comp_Firm\Comp_Firm.Android\Comp_Firm.Android.csproj", "{0DA830D1-514F-461E-8706-37CF41443CBE}"
EndProject
Project("{FAE04EC0-301F-11D3-BF4B-00C04F79EFBC}") = "Comp_Firm", "Comp_Firm\Comp_Firm\Comp_Firm.csproj", "{94175EC5-94FB-42EC-B213-594DF3411ACD}"
EndProject
Global
	GlobalSection(SolutionConfigurationPlatforms) = preSolution
		Debug|Any CPU = Debug|Any CPU
		Release|Any CPU = Release|Any CPU
	EndGlobalSection
	GlobalSection(ProjectConfigurationPlatforms) = postSolution
		{0DA830D1-514F-461E-8706-37CF41443CBE}.Debug|Any CPU.ActiveCfg = Debug|Any CPU
		{0DA830D1-514F-461E-8706-37CF41443CBE}.Debug|Any CPU.Build.0 = Debug|Any CPU
		{0DA830D1-514F-461E-8706-37CF41443CBE}.Debug|Any CPU.Deploy.0 = Debug|Any CPU
		{0DA830D1-514F-461E-8706-37CF41443CBE}.Release|Any CPU.ActiveCfg = Release|Any CPU
		{0DA830D1-514F-461E-8706-37CF41443CBE}.Release|Any CPU.Build.0 = Release|Any CPU
		{0DA830D1-514F-461E-8706-37CF41443CBE}.Release|Any CPU.Deploy.0 = Release|Any CPU
		{94175EC5-94FB-42EC-B213-594DF3411ACD}.Debug|Any CPU.ActiveCfg = Debug|Any CPU
		{94175EC5-94FB-42EC-B213-594DF3411ACD}.Debug|Any CPU.Build.0 = Debug|Any CPU
		{94175EC5-94FB-42EC-B213-594DF3411ACD}.Debug|Any CPU.Deploy.0 = Debug|Any CPU
		{94175EC5-94FB-42EC-B213-594DF3411ACD}.Release|Any CPU.ActiveCfg = Release|Any CPU
		{94175EC5-94FB-42EC-B213-594DF3411ACD}.Release|Any CPU.Build.0 = Release|Any CPU
		{94175EC5-94FB-42EC-B213-594DF3411ACD}.Release|Any CPU.Deploy.0 = Release|Any CPU
	EndGlobalSection
	GlobalSection(SolutionProperties) = preSolution
		HideSolutionNode = FALSE
	EndGlobalSection
	GlobalSection(ExtensibilityGlobals) = postSolution
		SolutionGuid = {611901FB-B960-42DE-B0E4-81FED9BCFC66}
	EndGlobalSection
EndGlobal
